
Microsoft Visual Studio Solution File, Format Version 10.00
# Visual Studio 2008
Project("{FAE04EC0-301F-11D3-BF4B-00C04F79EFBC}") = "NHibernateWorkshop", "NHibernateWorkshop\NHibernateWorkshop.csproj", "{B0EA00A5-5BC3-4FFF-8BF4-002543E15801}"
EndProject
Project("{FAE04EC0-301F-11D3-BF4B-00C04F79EFBC}") = "Northwind", "Northwind\Northwind.csproj", "{7CEDF440-1A33-4B83-B5A4-8CB1CF9291CD}"
EndProject
Global
	GlobalSection(SolutionConfigurationPlatforms) = preSolution
		Debug|Any CPU = Debug|Any CPU
		FLUENTSQLITE|Any CPU = FLUENTSQLITE|Any CPU
		FLUENTSQLSERVER|Any CPU = FLUENTSQLSERVER|Any CPU
		HBMSQLITE|Any CPU = HBMSQLITE|Any CPU
		HBMSQLSERVER|Any CPU = HBMSQLSERVER|Any CPU
		Release|Any CPU = Release|Any CPU
	EndGlobalSection
	GlobalSection(ProjectConfigurationPlatforms) = postSolution
		{B0EA00A5-5BC3-4FFF-8BF4-002543E15801}.Debug|Any CPU.ActiveCfg = Debug|Any CPU
		{B0EA00A5-5BC3-4FFF-8BF4-002543E15801}.Debug|Any CPU.Build.0 = Debug|Any CPU
		{B0EA00A5-5BC3-4FFF-8BF4-002543E15801}.FLUENTSQLITE|Any CPU.ActiveCfg = FLUENTSQLITE|Any CPU
		{B0EA00A5-5BC3-4FFF-8BF4-002543E15801}.FLUENTSQLITE|Any CPU.Build.0 = FLUENTSQLITE|Any CPU
		{B0EA00A5-5BC3-4FFF-8BF4-002543E15801}.FLUENTSQLSERVER|Any CPU.ActiveCfg = FLUENTSQLSERVER|Any CPU
		{B0EA00A5-5BC3-4FFF-8BF4-002543E15801}.FLUENTSQLSERVER|Any CPU.Build.0 = FLUENTSQLSERVER|Any CPU
		{B0EA00A5-5BC3-4FFF-8BF4-002543E15801}.HBMSQLITE|Any CPU.ActiveCfg = HBMSQLITE|Any CPU
		{B0EA00A5-5BC3-4FFF-8BF4-002543E15801}.HBMSQLITE|Any CPU.Build.0 = HBMSQLITE|Any CPU
		{B0EA00A5-5BC3-4FFF-8BF4-002543E15801}.HBMSQLSERVER|Any CPU.ActiveCfg = HBMSQLSERVER|Any CPU
		{B0EA00A5-5BC3-4FFF-8BF4-002543E15801}.HBMSQLSERVER|Any CPU.Build.0 = HBMSQLSERVER|Any CPU
		{B0EA00A5-5BC3-4FFF-8BF4-002543E15801}.Release|Any CPU.ActiveCfg = Release|Any CPU
		{B0EA00A5-5BC3-4FFF-8BF4-002543E15801}.Release|Any CPU.Build.0 = Release|Any CPU
		{7CEDF440-1A33-4B83-B5A4-8CB1CF9291CD}.Debug|Any CPU.ActiveCfg = Debug|Any CPU
		{7CEDF440-1A33-4B83-B5A4-8CB1CF9291CD}.Debug|Any CPU.Build.0 = Debug|Any CPU
		{7CEDF440-1A33-4B83-B5A4-8CB1CF9291CD}.FLUENTSQLITE|Any CPU.ActiveCfg = FLUENTSQLITE|Any CPU
		{7CEDF440-1A33-4B83-B5A4-8CB1CF9291CD}.FLUENTSQLITE|Any CPU.Build.0 = FLUENTSQLITE|Any CPU
		{7CEDF440-1A33-4B83-B5A4-8CB1CF9291CD}.FLUENTSQLSERVER|Any CPU.ActiveCfg = FLUENTSQLSERVER|Any CPU
		{7CEDF440-1A33-4B83-B5A4-8CB1CF9291CD}.FLUENTSQLSERVER|Any CPU.Build.0 = FLUENTSQLSERVER|Any CPU
		{7CEDF440-1A33-4B83-B5A4-8CB1CF9291CD}.HBMSQLITE|Any CPU.ActiveCfg = HBMSQLITE|Any CPU
		{7CEDF440-1A33-4B83-B5A4-8CB1CF9291CD}.HBMSQLITE|Any CPU.Build.0 = HBMSQLITE|Any CPU
		{7CEDF440-1A33-4B83-B5A4-8CB1CF9291CD}.HBMSQLSERVER|Any CPU.ActiveCfg = HBMSQLSERVER|Any CPU
		{7CEDF440-1A33-4B83-B5A4-8CB1CF9291CD}.HBMSQLSERVER|Any CPU.Build.0 = HBMSQLSERVER|Any CPU
		{7CEDF440-1A33-4B83-B5A4-8CB1CF9291CD}.Release|Any CPU.ActiveCfg = Release|Any CPU
		{7CEDF440-1A33-4B83-B5A4-8CB1CF9291CD}.Release|Any CPU.Build.0 = Release|Any CPU
	EndGlobalSection
	GlobalSection(SolutionProperties) = preSolution
		HideSolutionNode = FALSE
	EndGlobalSection
EndGlobal
